
Microsoft Visual Studio Solution File, Format Version 12.00
# Visual Studio Version 17
VisualStudioVersion = 17.9.34902.65
MinimumVisualStudioVersion = 10.0.40219.1
Project("{9A19103F-16F7-4668-BE54-9A1E7A4F7556}") = "NewsletterProvider", "NewsletterProvider\NewsletterProvider.csproj", "{3E42E2C7-76B0-4F4F-8CB1-13BD0CA050B2}"
EndProject
Project("{9A19103F-16F7-4668-BE54-9A1E7A4F7556}") = "Data", "Data\Data.csproj", "{205521D3-1AF8-4428-BF76-5FCF87633FC7}"
EndProject
Global
	GlobalSection(SolutionConfigurationPlatforms) = preSolution
		Debug|Any CPU = Debug|Any CPU
		Release|Any CPU = Release|Any CPU
	EndGlobalSection
	GlobalSection(ProjectConfigurationPlatforms) = postSolution
		{3E42E2C7-76B0-4F4F-8CB1-13BD0CA050B2}.Debug|Any CPU.ActiveCfg = Debug|Any CPU
		{3E42E2C7-76B0-4F4F-8CB1-13BD0CA050B2}.Debug|Any CPU.Build.0 = Debug|Any CPU
		{3E42E2C7-76B0-4F4F-8CB1-13BD0CA050B2}.Release|Any CPU.ActiveCfg = Release|Any CPU
		{3E42E2C7-76B0-4F4F-8CB1-13BD0CA050B2}.Release|Any CPU.Build.0 = Release|Any CPU
		{205521D3-1AF8-4428-BF76-5FCF87633FC7}.Debug|Any CPU.ActiveCfg = Debug|Any CPU
		{205521D3-1AF8-4428-BF76-5FCF87633FC7}.Debug|Any CPU.Build.0 = Debug|Any CPU
		{205521D3-1AF8-4428-BF76-5FCF87633FC7}.Release|Any CPU.ActiveCfg = Release|Any CPU
		{205521D3-1AF8-4428-BF76-5FCF87633FC7}.Release|Any CPU.Build.0 = Release|Any CPU
	EndGlobalSection
	GlobalSection(SolutionProperties) = preSolution
		HideSolutionNode = FALSE
	EndGlobalSection
	GlobalSection(ExtensibilityGlobals) = postSolution
		SolutionGuid = {FBC67378-8174-4850-B80A-2461BA5341F0}
	EndGlobalSection
EndGlobal
